
Microsoft Visual Studio Solution File, Format Version 12.00
# Visual Studio Version 16
VisualStudioVersion = 16.0.31729.503
MinimumVisualStudioVersion = 10.0.40219.1
Project("{FAE04EC0-301F-11D3-BF4B-00C04F79EFBC}") = "CardFileProject", "CardFileProject\CardFileProject.csproj", "{4EAD6F12-A2C9-4E29-9173-807C5998DEDC}"
EndProject
Project("{FAE04EC0-301F-11D3-BF4B-00C04F79EFBC}") = "CardFileProject.Tests", "CardFileProject.Tests\CardFileProject.Tests.csproj", "{B67BA602-AB1A-44E9-A596-C43552ED49F0}"
EndProject
Global
	GlobalSection(SolutionConfigurationPlatforms) = preSolution
		Debug|Any CPU = Debug|Any CPU
		Release|Any CPU = Release|Any CPU
	EndGlobalSection
	GlobalSection(ProjectConfigurationPlatforms) = postSolution
		{4EAD6F12-A2C9-4E29-9173-807C5998DEDC}.Debug|Any CPU.ActiveCfg = Debug|Any CPU
		{4EAD6F12-A2C9-4E29-9173-807C5998DEDC}.Debug|Any CPU.Build.0 = Debug|Any CPU
		{4EAD6F12-A2C9-4E29-9173-807C5998DEDC}.Release|Any CPU.ActiveCfg = Release|Any CPU
		{4EAD6F12-A2C9-4E29-9173-807C5998DEDC}.Release|Any CPU.Build.0 = Release|Any CPU
		{B67BA602-AB1A-44E9-A596-C43552ED49F0}.Debug|Any CPU.ActiveCfg = Debug|Any CPU
		{B67BA602-AB1A-44E9-A596-C43552ED49F0}.Debug|Any CPU.Build.0 = Debug|Any CPU
		{B67BA602-AB1A-44E9-A596-C43552ED49F0}.Release|Any CPU.ActiveCfg = Release|Any CPU
		{B67BA602-AB1A-44E9-A596-C43552ED49F0}.Release|Any CPU.Build.0 = Release|Any CPU
	EndGlobalSection
	GlobalSection(SolutionProperties) = preSolution
		HideSolutionNode = FALSE
	EndGlobalSection
	GlobalSection(ExtensibilityGlobals) = postSolution
		SolutionGuid = {06F03CC3-926A-4BE2-B383-D6D060CD9CB8}
	EndGlobalSection
EndGlobal
